
Microsoft Visual Studio Solution File, Format Version 12.00
# Visual Studio Version 17
VisualStudioVersion = 17.4.33205.214
MinimumVisualStudioVersion = 10.0.40219.1
Project("{FAE04EC0-301F-11D3-BF4B-00C04F79EFBC}") = "cotação do dolar", "cotação do dolar\cotação do dolar.csproj", "{FAD24F36-65FA-416D-9C78-C6EC184C6727}"
EndProject
Global
	GlobalSection(SolutionConfigurationPlatforms) = preSolution
		Debug|Any CPU = Debug|Any CPU
		Release|Any CPU = Release|Any CPU
	EndGlobalSection
	GlobalSection(ProjectConfigurationPlatforms) = postSolution
		{FAD24F36-65FA-416D-9C78-C6EC184C6727}.Debug|Any CPU.ActiveCfg = Debug|Any CPU
		{FAD24F36-65FA-416D-9C78-C6EC184C6727}.Debug|Any CPU.Build.0 = Debug|Any CPU
		{FAD24F36-65FA-416D-9C78-C6EC184C6727}.Release|Any CPU.ActiveCfg = Release|Any CPU
		{FAD24F36-65FA-416D-9C78-C6EC184C6727}.Release|Any CPU.Build.0 = Release|Any CPU
	EndGlobalSection
	GlobalSection(SolutionProperties) = preSolution
		HideSolutionNode = FALSE
	EndGlobalSection
	GlobalSection(ExtensibilityGlobals) = postSolution
		SolutionGuid = {7C8AAC57-5FF0-48E0-A7ED-00E57C3F3616}
	EndGlobalSection
EndGlobal
